
Microsoft Visual Studio Solution File, Format Version 12.00
# Visual Studio Version 17
VisualStudioVersion = 17.14.36518.9 d17.14
MinimumVisualStudioVersion = 10.0.40219.1
Project("{2150E333-8FDC-42A3-9474-1A3956D46DE8}") = "Task0", "Task0", "{02EA681E-C7D8-13C7-8484-4AC65E1B71E8}"
EndProject
Project("{FAE04EC0-301F-11D3-BF4B-00C04F79EFBC}") = "Tyuiu.KugaevskijSD.Sprint3.Task0.V1", "Tyuiu.KugaevskijSD.Sprint3.Task0.V1\Tyuiu.KugaevskijSD.Sprint3.Task0.V1.csproj", "{29D5C3CB-67A7-4791-B561-B33FDA2262BF}"
EndProject
Project("{FAE04EC0-301F-11D3-BF4B-00C04F79EFBC}") = "Tyuiu.KugaevskijSD.Sprint3.Task0.V1.Lib", "Tyuiu.KugaevskijSD.Sprint3.Task0.V1.Lib\Tyuiu.KugaevskijSD.Sprint3.Task0.V1.Lib.csproj", "{BEA143AD-5139-4777-B618-B45D586AA5D8}"
EndProject
Project("{FAE04EC0-301F-11D3-BF4B-00C04F79EFBC}") = "Tyuiu.KugaevskijSD.Sprint3.Task0.V1.Test", "Tyuiu.KugaevskijSD.Sprint3.Task0.V1.Test\Tyuiu.KugaevskijSD.Sprint3.Task0.V1.Test.csproj", "{E9B048C0-2427-47F2-AF52-BBC053CDBF7F}"
EndProject
Project("{2150E333-8FDC-42A3-9474-1A3956D46DE8}") = "Task1", "Task1", "{C476D513-F021-4C9A-8E4C-67DA66B9BDCC}"
EndProject
Project("{FAE04EC0-301F-11D3-BF4B-00C04F79EFBC}") = "Tyuiu.KugaevskijSD.Sprint3.Task1.V20", "Tyuiu.KugaevskijSD.Sprint3.Task1.V20\Tyuiu.KugaevskijSD.Sprint3.Task1.V20.csproj", "{888CE76D-5CFE-4E26-AAAF-2FB7FAFC6AEA}"
EndProject
Project("{FAE04EC0-301F-11D3-BF4B-00C04F79EFBC}") = "Tyuiu.KugaevskijSD.Sprint3.Task1.V20.Lib", "Tyuiu.KugaevskijSD.Sprint3.Task1.V20.Lib\Tyuiu.KugaevskijSD.Sprint3.Task1.V20.Lib.csproj", "{D6D7E048-5A12-42E9-9EE2-091D6F31C30A}"
EndProject
Project("{FAE04EC0-301F-11D3-BF4B-00C04F79EFBC}") = "Tyuiu.KugaevskijSD.Sprint3.Task1.V20.Test", "Tyuiu.KugaevskijSD.Sprint3.Task1.V20.Test\Tyuiu.KugaevskijSD.Sprint3.Task1.V20.Test.csproj", "{16A3BDBA-8C5C-4F29-B80C-EB8E74D930E7}"
EndProject
Project("{2150E333-8FDC-42A3-9474-1A3956D46DE8}") = "Task2", "Task2", "{CAD64676-3317-4B7A-883B-6C8A9CFB3525}"
EndProject
Project("{FAE04EC0-301F-11D3-BF4B-00C04F79EFBC}") = "Tyuiu.KugaevskijSD.Sprint3.Task2.V14", "Tyuiu.KugaevskijSD.Sprint3.Task2.V14\Tyuiu.KugaevskijSD.Sprint3.Task2.V14.csproj", "{193F809D-2722-473F-A896-8AEF29689D89}"
EndProject
Project("{FAE04EC0-301F-11D3-BF4B-00C04F79EFBC}") = "Tyuiu.KugaevskijSD.Sprint3.Task2.V14.Lib", "Tyuiu.KugaevskijSD.Sprint3.Task2.V14.Lib\Tyuiu.KugaevskijSD.Sprint3.Task2.V14.Lib.csproj", "{8EDE8329-9336-463A-B12B-15340837BAAA}"
EndProject
Project("{FAE04EC0-301F-11D3-BF4B-00C04F79EFBC}") = "Tyuiu.KugaevskijSD.Sprint3.Task2.V14.Test", "Tyuiu.KugaevskijSD.Sprint3.Task2.V14.Test\Tyuiu.KugaevskijSD.Sprint3.Task2.V14.Test.csproj", "{98FFD3E7-24FB-4DF6-ADB5-DA89CE183FD7}"
EndProject
Global
	GlobalSection(SolutionConfigurationPlatforms) = preSolution
		Debug|Any CPU = Debug|Any CPU
		Release|Any CPU = Release|Any CPU
	EndGlobalSection
	GlobalSection(ProjectConfigurationPlatforms) = postSolution
		{29D5C3CB-67A7-4791-B561-B33FDA2262BF}.Debug|Any CPU.ActiveCfg = Debug|Any CPU
		{29D5C3CB-67A7-4791-B561-B33FDA2262BF}.Debug|Any CPU.Build.0 = Debug|Any CPU
		{29D5C3CB-67A7-4791-B561-B33FDA2262BF}.Release|Any CPU.ActiveCfg = Release|Any CPU
		{29D5C3CB-67A7-4791-B561-B33FDA2262BF}.Release|Any CPU.Build.0 = Release|Any CPU
		{BEA143AD-5139-4777-B618-B45D586AA5D8}.Debug|Any CPU.ActiveCfg = Debug|Any CPU
		{BEA143AD-5139-4777-B618-B45D586AA5D8}.Debug|Any CPU.Build.0 = Debug|Any CPU
		{BEA143AD-5139-4777-B618-B45D586AA5D8}.Release|Any CPU.ActiveCfg = Release|Any CPU
		{BEA143AD-5139-4777-B618-B45D586AA5D8}.Release|Any CPU.Build.0 = Release|Any CPU
		{E9B048C0-2427-47F2-AF52-BBC053CDBF7F}.Debug|Any CPU.ActiveCfg = Debug|Any CPU
		{E9B048C0-2427-47F2-AF52-BBC053CDBF7F}.Debug|Any CPU.Build.0 = Debug|Any CPU
		{E9B048C0-2427-47F2-AF52-BBC053CDBF7F}.Release|Any CPU.ActiveCfg = Release|Any CPU
		{E9B048C0-2427-47F2-AF52-BBC053CDBF7F}.Release|Any CPU.Build.0 = Release|Any CPU
		{888CE76D-5CFE-4E26-AAAF-2FB7FAFC6AEA}.Debug|Any CPU.ActiveCfg = Debug|Any CPU
		{888CE76D-5CFE-4E26-AAAF-2FB7FAFC6AEA}.Debug|Any CPU.Build.0 = Debug|Any CPU
		{888CE76D-5CFE-4E26-AAAF-2FB7FAFC6AEA}.Release|Any CPU.ActiveCfg = Release|Any CPU
		{888CE76D-5CFE-4E26-AAAF-2FB7FAFC6AEA}.Release|Any CPU.Build.0 = Release|Any CPU
		{D6D7E048-5A12-42E9-9EE2-091D6F31C30A}.Debug|Any CPU.ActiveCfg = Debug|Any CPU
		{D6D7E048-5A12-42E9-9EE2-091D6F31C30A}.Debug|Any CPU.Build.0 = Debug|Any CPU
		{D6D7E048-5A12-42E9-9EE2-091D6F31C30A}.Release|Any CPU.ActiveCfg = Release|Any CPU
		{D6D7E048-5A12-42E9-9EE2-091D6F31C30A}.Release|Any CPU.Build.0 = Release|Any CPU
		{16A3BDBA-8C5C-4F29-B80C-EB8E74D930E7}.Debug|Any CPU.ActiveCfg = Debug|Any CPU
		{16A3BDBA-8C5C-4F29-B80C-EB8E74D930E7}.Debug|Any CPU.Build.0 = Debug|Any CPU
		{16A3BDBA-8C5C-4F29-B80C-EB8E74D930E7}.Release|Any CPU.ActiveCfg = Release|Any CPU
		{16A3BDBA-8C5C-4F29-B80C-EB8E74D930E7}.Release|Any CPU.Build.0 = Release|Any CPU
		{193F809D-2722-473F-A896-8AEF29689D89}.Debug|Any CPU.ActiveCfg = Debug|Any CPU
		{193F809D-2722-473F-A896-8AEF29689D89}.Debug|Any CPU.Build.0 = Debug|Any CPU
		{193F809D-2722-473F-A896-8AEF29689D89}.Release|Any CPU.ActiveCfg = Release|Any CPU
		{193F809D-2722-473F-A896-8AEF29689D89}.Release|Any CPU.Build.0 = Release|Any CPU
		{8EDE8329-9336-463A-B12B-15340837BAAA}.Debug|Any CPU.ActiveCfg = Debug|Any CPU
		{8EDE8329-9336-463A-B12B-15340837BAAA}.Debug|Any CPU.Build.0 = Debug|Any CPU
		{8EDE8329-9336-463A-B12B-15340837BAAA}.Release|Any CPU.ActiveCfg = Release|Any CPU
		{8EDE8329-9336-463A-B12B-15340837BAAA}.Release|Any CPU.Build.0 = Release|Any CPU
		{98FFD3E7-24FB-4DF6-ADB5-DA89CE183FD7}.Debug|Any CPU.ActiveCfg = Debug|Any CPU
		{98FFD3E7-24FB-4DF6-ADB5-DA89CE183FD7}.Debug|Any CPU.Build.0 = Debug|Any CPU
		{98FFD3E7-24FB-4DF6-ADB5-DA89CE183FD7}.Release|Any CPU.ActiveCfg = Release|Any CPU
		{98FFD3E7-24FB-4DF6-ADB5-DA89CE183FD7}.Release|Any CPU.Build.0 = Release|Any CPU
	EndGlobalSection
	GlobalSection(SolutionProperties) = preSolution
		HideSolutionNode = FALSE
	EndGlobalSection
	GlobalSection(NestedProjects) = preSolution
		{29D5C3CB-67A7-4791-B561-B33FDA2262BF} = {02EA681E-C7D8-13C7-8484-4AC65E1B71E8}
		{BEA143AD-5139-4777-B618-B45D586AA5D8} = {02EA681E-C7D8-13C7-8484-4AC65E1B71E8}
		{E9B048C0-2427-47F2-AF52-BBC053CDBF7F} = {02EA681E-C7D8-13C7-8484-4AC65E1B71E8}
		{888CE76D-5CFE-4E26-AAAF-2FB7FAFC6AEA} = {C476D513-F021-4C9A-8E4C-67DA66B9BDCC}
		{D6D7E048-5A12-42E9-9EE2-091D6F31C30A} = {C476D513-F021-4C9A-8E4C-67DA66B9BDCC}
		{16A3BDBA-8C5C-4F29-B80C-EB8E74D930E7} = {C476D513-F021-4C9A-8E4C-67DA66B9BDCC}
		{193F809D-2722-473F-A896-8AEF29689D89} = {CAD64676-3317-4B7A-883B-6C8A9CFB3525}
		{8EDE8329-9336-463A-B12B-15340837BAAA} = {CAD64676-3317-4B7A-883B-6C8A9CFB3525}
		{98FFD3E7-24FB-4DF6-ADB5-DA89CE183FD7} = {CAD64676-3317-4B7A-883B-6C8A9CFB3525}
	EndGlobalSection
	GlobalSection(ExtensibilityGlobals) = postSolution
		SolutionGuid = {BB2541AB-0FB3-4AEE-82E4-8095F0B1C85D}
	EndGlobalSection
EndGlobal
